
Microsoft Visual Studio Solution File, Format Version 12.00
# Visual Studio 15
VisualStudioVersion = 15.0.26124.0
MinimumVisualStudioVersion = 15.0.26124.0
Project("{2150E333-8FDC-42A3-9474-1A3956D46DE8}") = "src", "src", "{E8798E7F-3707-4C15-9DF1-AAA2F94014C1}"
EndProject
Project("{FAE04EC0-301F-11D3-BF4B-00C04F79EFBC}") = "SoundBeats.Core", "src\SoundBeats.Core\SoundBeats.Core.csproj", "{6ECE3652-D8F1-42BA-8EB7-A037F8E3A8D1}"
EndProject
Project("{FAE04EC0-301F-11D3-BF4B-00C04F79EFBC}") = "SoundBeats.Infrastructure", "src\SoundBeats.Infrastructure\SoundBeats.Infrastructure.csproj", "{5183AFBD-4278-4F05-AE7A-7C893EC39EA2}"
EndProject
Project("{FAE04EC0-301F-11D3-BF4B-00C04F79EFBC}") = "SoundBeats.Web", "src\SoundBeats.Web\SoundBeats.Web.csproj", "{B9684BDC-FCF4-4313-A6FE-F1ACF351E914}"
EndProject
Global
	GlobalSection(SolutionConfigurationPlatforms) = preSolution
		Debug|Any CPU = Debug|Any CPU
		Debug|x64 = Debug|x64
		Debug|x86 = Debug|x86
		Release|Any CPU = Release|Any CPU
		Release|x64 = Release|x64
		Release|x86 = Release|x86
	EndGlobalSection
	GlobalSection(SolutionProperties) = preSolution
		HideSolutionNode = FALSE
	EndGlobalSection
	GlobalSection(ProjectConfigurationPlatforms) = postSolution
		{6ECE3652-D8F1-42BA-8EB7-A037F8E3A8D1}.Debug|Any CPU.ActiveCfg = Debug|Any CPU
		{6ECE3652-D8F1-42BA-8EB7-A037F8E3A8D1}.Debug|Any CPU.Build.0 = Debug|Any CPU
		{6ECE3652-D8F1-42BA-8EB7-A037F8E3A8D1}.Debug|x64.ActiveCfg = Debug|Any CPU
		{6ECE3652-D8F1-42BA-8EB7-A037F8E3A8D1}.Debug|x64.Build.0 = Debug|Any CPU
		{6ECE3652-D8F1-42BA-8EB7-A037F8E3A8D1}.Debug|x86.ActiveCfg = Debug|Any CPU
		{6ECE3652-D8F1-42BA-8EB7-A037F8E3A8D1}.Debug|x86.Build.0 = Debug|Any CPU
		{6ECE3652-D8F1-42BA-8EB7-A037F8E3A8D1}.Release|Any CPU.ActiveCfg = Release|Any CPU
		{6ECE3652-D8F1-42BA-8EB7-A037F8E3A8D1}.Release|Any CPU.Build.0 = Release|Any CPU
		{6ECE3652-D8F1-42BA-8EB7-A037F8E3A8D1}.Release|x64.ActiveCfg = Release|Any CPU
		{6ECE3652-D8F1-42BA-8EB7-A037F8E3A8D1}.Release|x64.Build.0 = Release|Any CPU
		{6ECE3652-D8F1-42BA-8EB7-A037F8E3A8D1}.Release|x86.ActiveCfg = Release|Any CPU
		{6ECE3652-D8F1-42BA-8EB7-A037F8E3A8D1}.Release|x86.Build.0 = Release|Any CPU
		{5183AFBD-4278-4F05-AE7A-7C893EC39EA2}.Debug|Any CPU.ActiveCfg = Debug|Any CPU
		{5183AFBD-4278-4F05-AE7A-7C893EC39EA2}.Debug|Any CPU.Build.0 = Debug|Any CPU
		{5183AFBD-4278-4F05-AE7A-7C893EC39EA2}.Debug|x64.ActiveCfg = Debug|Any CPU
		{5183AFBD-4278-4F05-AE7A-7C893EC39EA2}.Debug|x64.Build.0 = Debug|Any CPU
		{5183AFBD-4278-4F05-AE7A-7C893EC39EA2}.Debug|x86.ActiveCfg = Debug|Any CPU
		{5183AFBD-4278-4F05-AE7A-7C893EC39EA2}.Debug|x86.Build.0 = Debug|Any CPU
		{5183AFBD-4278-4F05-AE7A-7C893EC39EA2}.Release|Any CPU.ActiveCfg = Release|Any CPU
		{5183AFBD-4278-4F05-AE7A-7C893EC39EA2}.Release|Any CPU.Build.0 = Release|Any CPU
		{5183AFBD-4278-4F05-AE7A-7C893EC39EA2}.Release|x64.ActiveCfg = Release|Any CPU
		{5183AFBD-4278-4F05-AE7A-7C893EC39EA2}.Release|x64.Build.0 = Release|Any CPU
		{5183AFBD-4278-4F05-AE7A-7C893EC39EA2}.Release|x86.ActiveCfg = Release|Any CPU
		{5183AFBD-4278-4F05-AE7A-7C893EC39EA2}.Release|x86.Build.0 = Release|Any CPU
		{B9684BDC-FCF4-4313-A6FE-F1ACF351E914}.Debug|Any CPU.ActiveCfg = Debug|Any CPU
		{B9684BDC-FCF4-4313-A6FE-F1ACF351E914}.Debug|Any CPU.Build.0 = Debug|Any CPU
		{B9684BDC-FCF4-4313-A6FE-F1ACF351E914}.Debug|x64.ActiveCfg = Debug|Any CPU
		{B9684BDC-FCF4-4313-A6FE-F1ACF351E914}.Debug|x64.Build.0 = Debug|Any CPU
		{B9684BDC-FCF4-4313-A6FE-F1ACF351E914}.Debug|x86.ActiveCfg = Debug|Any CPU
		{B9684BDC-FCF4-4313-A6FE-F1ACF351E914}.Debug|x86.Build.0 = Debug|Any CPU
		{B9684BDC-FCF4-4313-A6FE-F1ACF351E914}.Release|Any CPU.ActiveCfg = Release|Any CPU
		{B9684BDC-FCF4-4313-A6FE-F1ACF351E914}.Release|Any CPU.Build.0 = Release|Any CPU
		{B9684BDC-FCF4-4313-A6FE-F1ACF351E914}.Release|x64.ActiveCfg = Release|Any CPU
		{B9684BDC-FCF4-4313-A6FE-F1ACF351E914}.Release|x64.Build.0 = Release|Any CPU
		{B9684BDC-FCF4-4313-A6FE-F1ACF351E914}.Release|x86.ActiveCfg = Release|Any CPU
		{B9684BDC-FCF4-4313-A6FE-F1ACF351E914}.Release|x86.Build.0 = Release|Any CPU
	EndGlobalSection
	GlobalSection(NestedProjects) = preSolution
		{6ECE3652-D8F1-42BA-8EB7-A037F8E3A8D1} = {E8798E7F-3707-4C15-9DF1-AAA2F94014C1}
		{5183AFBD-4278-4F05-AE7A-7C893EC39EA2} = {E8798E7F-3707-4C15-9DF1-AAA2F94014C1}
		{B9684BDC-FCF4-4313-A6FE-F1ACF351E914} = {E8798E7F-3707-4C15-9DF1-AAA2F94014C1}
	EndGlobalSection
EndGlobal
